
Microsoft Visual Studio Solution File, Format Version 12.00
# Visual Studio Version 16
VisualStudioVersion = 16.0.29609.76
MinimumVisualStudioVersion = 10.0.40219.1
Project("{FAE04EC0-301F-11D3-BF4B-00C04F79EFBC}") = "Example.Client", "Example.Client\Example.Client.csproj", "{C9F8353B-4C86-4ACA-BB2A-37088EDECC11}"
EndProject
Project("{FAE04EC0-301F-11D3-BF4B-00C04F79EFBC}") = "Example.Server", "Example.Server\Example.Server.csproj", "{99B3AB49-DE7C-4423-AFD1-27A4B98D9789}"
EndProject
Project("{FAE04EC0-301F-11D3-BF4B-00C04F79EFBC}") = "ApplicationConnector", "ApplicationConnector\ApplicationConnector.csproj", "{FD17E609-D97B-4AA1-B355-CEAA6EF9D843}"
EndProject
Global
	GlobalSection(SolutionConfigurationPlatforms) = preSolution
		Debug|Any CPU = Debug|Any CPU
		Release|Any CPU = Release|Any CPU
	EndGlobalSection
	GlobalSection(ProjectConfigurationPlatforms) = postSolution
		{C9F8353B-4C86-4ACA-BB2A-37088EDECC11}.Debug|Any CPU.ActiveCfg = Debug|Any CPU
		{C9F8353B-4C86-4ACA-BB2A-37088EDECC11}.Debug|Any CPU.Build.0 = Debug|Any CPU
		{C9F8353B-4C86-4ACA-BB2A-37088EDECC11}.Release|Any CPU.ActiveCfg = Release|Any CPU
		{C9F8353B-4C86-4ACA-BB2A-37088EDECC11}.Release|Any CPU.Build.0 = Release|Any CPU
		{99B3AB49-DE7C-4423-AFD1-27A4B98D9789}.Debug|Any CPU.ActiveCfg = Debug|Any CPU
		{99B3AB49-DE7C-4423-AFD1-27A4B98D9789}.Debug|Any CPU.Build.0 = Debug|Any CPU
		{99B3AB49-DE7C-4423-AFD1-27A4B98D9789}.Release|Any CPU.ActiveCfg = Release|Any CPU
		{99B3AB49-DE7C-4423-AFD1-27A4B98D9789}.Release|Any CPU.Build.0 = Release|Any CPU
		{FD17E609-D97B-4AA1-B355-CEAA6EF9D843}.Debug|Any CPU.ActiveCfg = Debug|Any CPU
		{FD17E609-D97B-4AA1-B355-CEAA6EF9D843}.Debug|Any CPU.Build.0 = Debug|Any CPU
		{FD17E609-D97B-4AA1-B355-CEAA6EF9D843}.Release|Any CPU.ActiveCfg = Release|Any CPU
		{FD17E609-D97B-4AA1-B355-CEAA6EF9D843}.Release|Any CPU.Build.0 = Release|Any CPU
	EndGlobalSection
	GlobalSection(SolutionProperties) = preSolution
		HideSolutionNode = FALSE
	EndGlobalSection
	GlobalSection(ExtensibilityGlobals) = postSolution
		SolutionGuid = {CEA4F513-4DB8-4894-A589-8EBFB464CA23}
	EndGlobalSection
EndGlobal
